
Microsoft Visual Studio Solution File, Format Version 12.00
# Visual Studio Version 17
VisualStudioVersion = 17.4.33213.308
MinimumVisualStudioVersion = 10.0.40219.1
Project("{FAE04EC0-301F-11D3-BF4B-00C04F79EFBC}") = "Лаба9.1", "Лаба9.1\Лаба9.1.csproj", "{4956D7FE-8FE5-43AA-9369-65254D99C5A3}"
EndProject
Global
	GlobalSection(SolutionConfigurationPlatforms) = preSolution
		Debug|Any CPU = Debug|Any CPU
		Release|Any CPU = Release|Any CPU
	EndGlobalSection
	GlobalSection(ProjectConfigurationPlatforms) = postSolution
		{4956D7FE-8FE5-43AA-9369-65254D99C5A3}.Debug|Any CPU.ActiveCfg = Debug|Any CPU
		{4956D7FE-8FE5-43AA-9369-65254D99C5A3}.Debug|Any CPU.Build.0 = Debug|Any CPU
		{4956D7FE-8FE5-43AA-9369-65254D99C5A3}.Release|Any CPU.ActiveCfg = Release|Any CPU
		{4956D7FE-8FE5-43AA-9369-65254D99C5A3}.Release|Any CPU.Build.0 = Release|Any CPU
	EndGlobalSection
	GlobalSection(SolutionProperties) = preSolution
		HideSolutionNode = FALSE
	EndGlobalSection
	GlobalSection(ExtensibilityGlobals) = postSolution
		SolutionGuid = {FBCF506D-23D5-4240-9053-B98A6D89CE53}
	EndGlobalSection
EndGlobal
